
Microsoft Visual Studio Solution File, Format Version 12.00
# Visual Studio Version 16
VisualStudioVersion = 16.0.29709.97
MinimumVisualStudioVersion = 10.0.40219.1
Project("{9A19103F-16F7-4668-BE54-9A1E7A4F7556}") = "Lyra.WebAPI", "Lyra.WebAPI\Lyra.WebAPI.csproj", "{5EF6C7E2-0EF2-44A0-B568-3E39BBA3BB85}"
EndProject
Project("{9A19103F-16F7-4668-BE54-9A1E7A4F7556}") = "Lyra.Model", "Lyra.Model\Lyra.Model.csproj", "{066EC084-A9D7-4CE6-AC56-3169528D2611}"
EndProject
Project("{FAE04EC0-301F-11D3-BF4B-00C04F79EFBC}") = "Lyra.WinUI", "Lyra.WinUI\Lyra.WinUI.csproj", "{61C4175E-4EEA-441C-AE22-96C1249D3700}"
EndProject
Project("{9A19103F-16F7-4668-BE54-9A1E7A4F7556}") = "Lyra.WebAPI.Test", "Lyra.WebAPI.Test\Lyra.WebAPI.Test.csproj", "{B59B3AC5-EAB9-40F6-9D1E-D615658846A8}"
EndProject
Project("{FAE04EC0-301F-11D3-BF4B-00C04F79EFBC}") = "Lyra.Mobile.UWP", "Lyra.Mobile\Lyra.Mobile.UWP\Lyra.Mobile.UWP.csproj", "{AEBF1004-7C88-4639-86C1-96AC8A001550}"
EndProject
Project("{FAE04EC0-301F-11D3-BF4B-00C04F79EFBC}") = "Lyra.Mobile.Android", "Lyra.Mobile\Lyra.Mobile.Android\Lyra.Mobile.Android.csproj", "{D2F23805-7209-49BF-8DAF-3999C6613A64}"
EndProject
Project("{FAE04EC0-301F-11D3-BF4B-00C04F79EFBC}") = "Lyra.Mobile.iOS", "Lyra.Mobile\Lyra.Mobile.iOS\Lyra.Mobile.iOS.csproj", "{A6BD528D-E14D-473A-AF28-3B876FA8D6B2}"
EndProject
Project("{9A19103F-16F7-4668-BE54-9A1E7A4F7556}") = "Lyra.Mobile", "Lyra.Mobile\Lyra.Mobile\Lyra.Mobile.csproj", "{92242342-9017-45AD-9DE7-558742E503F9}"
EndProject
Project("{2150E333-8FDC-42A3-9474-1A3956D46DE8}") = "Solution Items", "Solution Items", "{06D5DC9A-F913-4C99-A0D7-607F973877EF}"
EndProject
Global
	GlobalSection(SolutionConfigurationPlatforms) = preSolution
		Debug|Any CPU = Debug|Any CPU
		Debug|ARM = Debug|ARM
		Debug|iPhone = Debug|iPhone
		Debug|iPhoneSimulator = Debug|iPhoneSimulator
		Debug|x64 = Debug|x64
		Debug|x86 = Debug|x86
		Release|Any CPU = Release|Any CPU
		Release|ARM = Release|ARM
		Release|iPhone = Release|iPhone
		Release|iPhoneSimulator = Release|iPhoneSimulator
		Release|x64 = Release|x64
		Release|x86 = Release|x86
	EndGlobalSection
	GlobalSection(ProjectConfigurationPlatforms) = postSolution
		{5EF6C7E2-0EF2-44A0-B568-3E39BBA3BB85}.Debug|Any CPU.ActiveCfg = Debug|Any CPU
		{5EF6C7E2-0EF2-44A0-B568-3E39BBA3BB85}.Debug|Any CPU.Build.0 = Debug|Any CPU
		{5EF6C7E2-0EF2-44A0-B568-3E39BBA3BB85}.Debug|ARM.ActiveCfg = Debug|Any CPU
		{5EF6C7E2-0EF2-44A0-B568-3E39BBA3BB85}.Debug|ARM.Build.0 = Debug|Any CPU
		{5EF6C7E2-0EF2-44A0-B568-3E39BBA3BB85}.Debug|iPhone.ActiveCfg = Debug|Any CPU
		{5EF6C7E2-0EF2-44A0-B568-3E39BBA3BB85}.Debug|iPhone.Build.0 = Debug|Any CPU
		{5EF6C7E2-0EF2-44A0-B568-3E39BBA3BB85}.Debug|iPhoneSimulator.ActiveCfg = Debug|Any CPU
		{5EF6C7E2-0EF2-44A0-B568-3E39BBA3BB85}.Debug|iPhoneSimulator.Build.0 = Debug|Any CPU
		{5EF6C7E2-0EF2-44A0-B568-3E39BBA3BB85}.Debug|x64.ActiveCfg = Debug|Any CPU
		{5EF6C7E2-0EF2-44A0-B568-3E39BBA3BB85}.Debug|x64.Build.0 = Debug|Any CPU
		{5EF6C7E2-0EF2-44A0-B568-3E39BBA3BB85}.Debug|x86.ActiveCfg = Debug|Any CPU
		{5EF6C7E2-0EF2-44A0-B568-3E39BBA3BB85}.Debug|x86.Build.0 = Debug|Any CPU
		{5EF6C7E2-0EF2-44A0-B568-3E39BBA3BB85}.Release|Any CPU.ActiveCfg = Release|Any CPU
		{5EF6C7E2-0EF2-44A0-B568-3E39BBA3BB85}.Release|Any CPU.Build.0 = Release|Any CPU
		{5EF6C7E2-0EF2-44A0-B568-3E39BBA3BB85}.Release|ARM.ActiveCfg = Release|Any CPU
		{5EF6C7E2-0EF2-44A0-B568-3E39BBA3BB85}.Release|ARM.Build.0 = Release|Any CPU
		{5EF6C7E2-0EF2-44A0-B568-3E39BBA3BB85}.Release|iPhone.ActiveCfg = Release|Any CPU
		{5EF6C7E2-0EF2-44A0-B568-3E39BBA3BB85}.Release|iPhone.Build.0 = Release|Any CPU
		{5EF6C7E2-0EF2-44A0-B568-3E39BBA3BB85}.Release|iPhoneSimulator.ActiveCfg = Release|Any CPU
		{5EF6C7E2-0EF2-44A0-B568-3E39BBA3BB85}.Release|iPhoneSimulator.Build.0 = Release|Any CPU
		{5EF6C7E2-0EF2-44A0-B568-3E39BBA3BB85}.Release|x64.ActiveCfg = Release|Any CPU
		{5EF6C7E2-0EF2-44A0-B568-3E39BBA3BB85}.Release|x64.Build.0 = Release|Any CPU
		{5EF6C7E2-0EF2-44A0-B568-3E39BBA3BB85}.Release|x86.ActiveCfg = Release|Any CPU
		{5EF6C7E2-0EF2-44A0-B568-3E39BBA3BB85}.Release|x86.Build.0 = Release|Any CPU
		{066EC084-A9D7-4CE6-AC56-3169528D2611}.Debug|Any CPU.ActiveCfg = Debug|Any CPU
		{066EC084-A9D7-4CE6-AC56-3169528D2611}.Debug|Any CPU.Build.0 = Debug|Any CPU
		{066EC084-A9D7-4CE6-AC56-3169528D2611}.Debug|ARM.ActiveCfg = Debug|Any CPU
		{066EC084-A9D7-4CE6-AC56-3169528D2611}.Debug|ARM.Build.0 = Debug|Any CPU
		{066EC084-A9D7-4CE6-AC56-3169528D2611}.Debug|iPhone.ActiveCfg = Debug|Any CPU
		{066EC084-A9D7-4CE6-AC56-3169528D2611}.Debug|iPhone.Build.0 = Debug|Any CPU
		{066EC084-A9D7-4CE6-AC56-3169528D2611}.Debug|iPhoneSimulator.ActiveCfg = Debug|Any CPU
		{066EC084-A9D7-4CE6-AC56-3169528D2611}.Debug|iPhoneSimulator.Build.0 = Debug|Any CPU
		{066EC084-A9D7-4CE6-AC56-3169528D2611}.Debug|x64.ActiveCfg = Debug|Any CPU
		{066EC084-A9D7-4CE6-AC56-3169528D2611}.Debug|x64.Build.0 = Debug|Any CPU
		{066EC084-A9D7-4CE6-AC56-3169528D2611}.Debug|x86.ActiveCfg = Debug|Any CPU
		{066EC084-A9D7-4CE6-AC56-3169528D2611}.Debug|x86.Build.0 = Debug|Any CPU
		{066EC084-A9D7-4CE6-AC56-3169528D2611}.Release|Any CPU.ActiveCfg = Release|Any CPU
		{066EC084-A9D7-4CE6-AC56-3169528D2611}.Release|Any CPU.Build.0 = Release|Any CPU
		{066EC084-A9D7-4CE6-AC56-3169528D2611}.Release|ARM.ActiveCfg = Release|Any CPU
		{066EC084-A9D7-4CE6-AC56-3169528D2611}.Release|ARM.Build.0 = Release|Any CPU
		{066EC084-A9D7-4CE6-AC56-3169528D2611}.Release|iPhone.ActiveCfg = Release|Any CPU
		{066EC084-A9D7-4CE6-AC56-3169528D2611}.Release|iPhone.Build.0 = Release|Any CPU
		{066EC084-A9D7-4CE6-AC56-3169528D2611}.Release|iPhoneSimulator.ActiveCfg = Release|Any CPU
		{066EC084-A9D7-4CE6-AC56-3169528D2611}.Release|iPhoneSimulator.Build.0 = Release|Any CPU
		{066EC084-A9D7-4CE6-AC56-3169528D2611}.Release|x64.ActiveCfg = Release|Any CPU
		{066EC084-A9D7-4CE6-AC56-3169528D2611}.Release|x64.Build.0 = Release|Any CPU
		{066EC084-A9D7-4CE6-AC56-3169528D2611}.Release|x86.ActiveCfg = Release|Any CPU
		{066EC084-A9D7-4CE6-AC56-3169528D2611}.Release|x86.Build.0 = Release|Any CPU
		{61C4175E-4EEA-441C-AE22-96C1249D3700}.Debug|Any CPU.ActiveCfg = Debug|Any CPU
		{61C4175E-4EEA-441C-AE22-96C1249D3700}.Debug|Any CPU.Build.0 = Debug|Any CPU
		{61C4175E-4EEA-441C-AE22-96C1249D3700}.Debug|ARM.ActiveCfg = Debug|Any CPU
		{61C4175E-4EEA-441C-AE22-96C1249D3700}.Debug|ARM.Build.0 = Debug|Any CPU
		{61C4175E-4EEA-441C-AE22-96C1249D3700}.Debug|iPhone.ActiveCfg = Debug|Any CPU
		{61C4175E-4EEA-441C-AE22-96C1249D3700}.Debug|iPhone.Build.0 = Debug|Any CPU
		{61C4175E-4EEA-441C-AE22-96C1249D3700}.Debug|iPhoneSimulator.ActiveCfg = Debug|Any CPU
		{61C4175E-4EEA-441C-AE22-96C1249D3700}.Debug|iPhoneSimulator.Build.0 = Debug|Any CPU
		{61C4175E-4EEA-441C-AE22-96C1249D3700}.Debug|x64.ActiveCfg = Debug|Any CPU
		{61C4175E-4EEA-441C-AE22-96C1249D3700}.Debug|x64.Build.0 = Debug|Any CPU
		{61C4175E-4EEA-441C-AE22-96C1249D3700}.Debug|x86.ActiveCfg = Debug|Any CPU
		{61C4175E-4EEA-441C-AE22-96C1249D3700}.Debug|x86.Build.0 = Debug|Any CPU
		{61C4175E-4EEA-441C-AE22-96C1249D3700}.Release|Any CPU.ActiveCfg = Release|Any CPU
		{61C4175E-4EEA-441C-AE22-96C1249D3700}.Release|Any CPU.Build.0 = Release|Any CPU
		{61C4175E-4EEA-441C-AE22-96C1249D3700}.Release|ARM.ActiveCfg = Release|Any CPU
		{61C4175E-4EEA-441C-AE22-96C1249D3700}.Release|ARM.Build.0 = Release|Any CPU
		{61C4175E-4EEA-441C-AE22-96C1249D3700}.Release|iPhone.ActiveCfg = Release|Any CPU
		{61C4175E-4EEA-441C-AE22-96C1249D3700}.Release|iPhone.Build.0 = Release|Any CPU
		{61C4175E-4EEA-441C-AE22-96C1249D3700}.Release|iPhoneSimulator.ActiveCfg = Release|Any CPU
		{61C4175E-4EEA-441C-AE22-96C1249D3700}.Release|iPhoneSimulator.Build.0 = Release|Any CPU
		{61C4175E-4EEA-441C-AE22-96C1249D3700}.Release|x64.ActiveCfg = Release|Any CPU
		{61C4175E-4EEA-441C-AE22-96C1249D3700}.Release|x64.Build.0 = Release|Any CPU
		{61C4175E-4EEA-441C-AE22-96C1249D3700}.Release|x86.ActiveCfg = Release|Any CPU
		{61C4175E-4EEA-441C-AE22-96C1249D3700}.Release|x86.Build.0 = Release|Any CPU
		{B59B3AC5-EAB9-40F6-9D1E-D615658846A8}.Debug|Any CPU.ActiveCfg = Debug|Any CPU
		{B59B3AC5-EAB9-40F6-9D1E-D615658846A8}.Debug|Any CPU.Build.0 = Debug|Any CPU
		{B59B3AC5-EAB9-40F6-9D1E-D615658846A8}.Debug|ARM.ActiveCfg = Debug|Any CPU
		{B59B3AC5-EAB9-40F6-9D1E-D615658846A8}.Debug|ARM.Build.0 = Debug|Any CPU
		{B59B3AC5-EAB9-40F6-9D1E-D615658846A8}.Debug|iPhone.ActiveCfg = Debug|Any CPU
		{B59B3AC5-EAB9-40F6-9D1E-D615658846A8}.Debug|iPhone.Build.0 = Debug|Any CPU
		{B59B3AC5-EAB9-40F6-9D1E-D615658846A8}.Debug|iPhoneSimulator.ActiveCfg = Debug|Any CPU
		{B59B3AC5-EAB9-40F6-9D1E-D615658846A8}.Debug|iPhoneSimulator.Build.0 = Debug|Any CPU
		{B59B3AC5-EAB9-40F6-9D1E-D615658846A8}.Debug|x64.ActiveCfg = Debug|Any CPU
		{B59B3AC5-EAB9-40F6-9D1E-D615658846A8}.Debug|x64.Build.0 = Debug|Any CPU
		{B59B3AC5-EAB9-40F6-9D1E-D615658846A8}.Debug|x86.ActiveCfg = Debug|Any CPU
		{B59B3AC5-EAB9-40F6-9D1E-D615658846A8}.Debug|x86.Build.0 = Debug|Any CPU
		{B59B3AC5-EAB9-40F6-9D1E-D615658846A8}.Release|Any CPU.ActiveCfg = Release|Any CPU
		{B59B3AC5-EAB9-40F6-9D1E-D615658846A8}.Release|Any CPU.Build.0 = Release|Any CPU
		{B59B3AC5-EAB9-40F6-9D1E-D615658846A8}.Release|ARM.ActiveCfg = Release|Any CPU
		{B59B3AC5-EAB9-40F6-9D1E-D615658846A8}.Release|ARM.Build.0 = Release|Any CPU
		{B59B3AC5-EAB9-40F6-9D1E-D615658846A8}.Release|iPhone.ActiveCfg = Release|Any CPU
		{B59B3AC5-EAB9-40F6-9D1E-D615658846A8}.Release|iPhone.Build.0 = Release|Any CPU
		{B59B3AC5-EAB9-40F6-9D1E-D615658846A8}.Release|iPhoneSimulator.ActiveCfg = Release|Any CPU
		{B59B3AC5-EAB9-40F6-9D1E-D615658846A8}.Release|iPhoneSimulator.Build.0 = Release|Any CPU
		{B59B3AC5-EAB9-40F6-9D1E-D615658846A8}.Release|x64.ActiveCfg = Release|Any CPU
		{B59B3AC5-EAB9-40F6-9D1E-D615658846A8}.Release|x64.Build.0 = Release|Any CPU
		{B59B3AC5-EAB9-40F6-9D1E-D615658846A8}.Release|x86.ActiveCfg = Release|Any CPU
		{B59B3AC5-EAB9-40F6-9D1E-D615658846A8}.Release|x86.Build.0 = Release|Any CPU
		{AEBF1004-7C88-4639-86C1-96AC8A001550}.Debug|Any CPU.ActiveCfg = Debug|x86
		{AEBF1004-7C88-4639-86C1-96AC8A001550}.Debug|ARM.ActiveCfg = Debug|ARM
		{AEBF1004-7C88-4639-86C1-96AC8A001550}.Debug|ARM.Build.0 = Debug|ARM
		{AEBF1004-7C88-4639-86C1-96AC8A001550}.Debug|ARM.Deploy.0 = Debug|ARM
		{AEBF1004-7C88-4639-86C1-96AC8A001550}.Debug|iPhone.ActiveCfg = Debug|x86
		{AEBF1004-7C88-4639-86C1-96AC8A001550}.Debug|iPhoneSimulator.ActiveCfg = Debug|x86
		{AEBF1004-7C88-4639-86C1-96AC8A001550}.Debug|x64.ActiveCfg = Debug|x64
		{AEBF1004-7C88-4639-86C1-96AC8A001550}.Debug|x64.Build.0 = Debug|x64
		{AEBF1004-7C88-4639-86C1-96AC8A001550}.Debug|x64.Deploy.0 = Debug|x64
		{AEBF1004-7C88-4639-86C1-96AC8A001550}.Debug|x86.ActiveCfg = Debug|x86
		{AEBF1004-7C88-4639-86C1-96AC8A001550}.Debug|x86.Build.0 = Debug|x86
		{AEBF1004-7C88-4639-86C1-96AC8A001550}.Debug|x86.Deploy.0 = Debug|x86
		{AEBF1004-7C88-4639-86C1-96AC8A001550}.Release|Any CPU.ActiveCfg = Release|x86
		{AEBF1004-7C88-4639-86C1-96AC8A001550}.Release|ARM.ActiveCfg = Release|ARM
		{AEBF1004-7C88-4639-86C1-96AC8A001550}.Release|ARM.Build.0 = Release|ARM
		{AEBF1004-7C88-4639-86C1-96AC8A001550}.Release|ARM.Deploy.0 = Release|ARM
		{AEBF1004-7C88-4639-86C1-96AC8A001550}.Release|iPhone.ActiveCfg = Release|x86
		{AEBF1004-7C88-4639-86C1-96AC8A001550}.Release|iPhoneSimulator.ActiveCfg = Release|x86
		{AEBF1004-7C88-4639-86C1-96AC8A001550}.Release|x64.ActiveCfg = Release|x64
		{AEBF1004-7C88-4639-86C1-96AC8A001550}.Release|x64.Build.0 = Release|x64
		{AEBF1004-7C88-4639-86C1-96AC8A001550}.Release|x64.Deploy.0 = Release|x64
		{AEBF1004-7C88-4639-86C1-96AC8A001550}.Release|x86.ActiveCfg = Release|x86
		{AEBF1004-7C88-4639-86C1-96AC8A001550}.Release|x86.Build.0 = Release|x86
		{AEBF1004-7C88-4639-86C1-96AC8A001550}.Release|x86.Deploy.0 = Release|x86
		{D2F23805-7209-49BF-8DAF-3999C6613A64}.Debug|Any CPU.ActiveCfg = Debug|Any CPU
		{D2F23805-7209-49BF-8DAF-3999C6613A64}.Debug|Any CPU.Build.0 = Debug|Any CPU
		{D2F23805-7209-49BF-8DAF-3999C6613A64}.Debug|Any CPU.Deploy.0 = Debug|Any CPU
		{D2F23805-7209-49BF-8DAF-3999C6613A64}.Debug|ARM.ActiveCfg = Debug|Any CPU
		{D2F23805-7209-49BF-8DAF-3999C6613A64}.Debug|ARM.Build.0 = Debug|Any CPU
		{D2F23805-7209-49BF-8DAF-3999C6613A64}.Debug|ARM.Deploy.0 = Debug|Any CPU
		{D2F23805-7209-49BF-8DAF-3999C6613A64}.Debug|iPhone.ActiveCfg = Debug|Any CPU
		{D2F23805-7209-49BF-8DAF-3999C6613A64}.Debug|iPhone.Build.0 = Debug|Any CPU
		{D2F23805-7209-49BF-8DAF-3999C6613A64}.Debug|iPhone.Deploy.0 = Debug|Any CPU
		{D2F23805-7209-49BF-8DAF-3999C6613A64}.Debug|iPhoneSimulator.ActiveCfg = Debug|Any CPU
		{D2F23805-7209-49BF-8DAF-3999C6613A64}.Debug|iPhoneSimulator.Build.0 = Debug|Any CPU
		{D2F23805-7209-49BF-8DAF-3999C6613A64}.Debug|iPhoneSimulator.Deploy.0 = Debug|Any CPU
		{D2F23805-7209-49BF-8DAF-3999C6613A64}.Debug|x64.ActiveCfg = Debug|Any CPU
		{D2F23805-7209-49BF-8DAF-3999C6613A64}.Debug|x64.Build.0 = Debug|Any CPU
		{D2F23805-7209-49BF-8DAF-3999C6613A64}.Debug|x64.Deploy.0 = Debug|Any CPU
		{D2F23805-7209-49BF-8DAF-3999C6613A64}.Debug|x86.ActiveCfg = Debug|Any CPU
		{D2F23805-7209-49BF-8DAF-3999C6613A64}.Debug|x86.Build.0 = Debug|Any CPU
		{D2F23805-7209-49BF-8DAF-3999C6613A64}.Debug|x86.Deploy.0 = Debug|Any CPU
		{D2F23805-7209-49BF-8DAF-3999C6613A64}.Release|Any CPU.ActiveCfg = Release|Any CPU
		{D2F23805-7209-49BF-8DAF-3999C6613A64}.Release|Any CPU.Build.0 = Release|Any CPU
		{D2F23805-7209-49BF-8DAF-3999C6613A64}.Release|Any CPU.Deploy.0 = Release|Any CPU
		{D2F23805-7209-49BF-8DAF-3999C6613A64}.Release|ARM.ActiveCfg = Release|Any CPU
		{D2F23805-7209-49BF-8DAF-3999C6613A64}.Release|ARM.Build.0 = Release|Any CPU
		{D2F23805-7209-49BF-8DAF-3999C6613A64}.Release|ARM.Deploy.0 = Release|Any CPU
		{D2F23805-7209-49BF-8DAF-3999C6613A64}.Release|iPhone.ActiveCfg = Release|Any CPU
		{D2F23805-7209-49BF-8DAF-3999C6613A64}.Release|iPhone.Build.0 = Release|Any CPU
		{D2F23805-7209-49BF-8DAF-3999C6613A64}.Release|iPhone.Deploy.0 = Release|Any CPU
		{D2F23805-7209-49BF-8DAF-3999C6613A64}.Release|iPhoneSimulator.ActiveCfg = Release|Any CPU
		{D2F23805-7209-49BF-8DAF-3999C6613A64}.Release|iPhoneSimulator.Build.0 = Release|Any CPU
		{D2F23805-7209-49BF-8DAF-3999C6613A64}.Release|iPhoneSimulator.Deploy.0 = Release|Any CPU
		{D2F23805-7209-49BF-8DAF-3999C6613A64}.Release|x64.ActiveCfg = Release|Any CPU
		{D2F23805-7209-49BF-8DAF-3999C6613A64}.Release|x64.Build.0 = Release|Any CPU
		{D2F23805-7209-49BF-8DAF-3999C6613A64}.Release|x64.Deploy.0 = Release|Any CPU
		{D2F23805-7209-49BF-8DAF-3999C6613A64}.Release|x86.ActiveCfg = Release|Any CPU
		{D2F23805-7209-49BF-8DAF-3999C6613A64}.Release|x86.Build.0 = Release|Any CPU
		{D2F23805-7209-49BF-8DAF-3999C6613A64}.Release|x86.Deploy.0 = Release|Any CPU
		{A6BD528D-E14D-473A-AF28-3B876FA8D6B2}.Debug|Any CPU.ActiveCfg = Debug|iPhone
		{A6BD528D-E14D-473A-AF28-3B876FA8D6B2}.Debug|ARM.ActiveCfg = Debug|iPhone
		{A6BD528D-E14D-473A-AF28-3B876FA8D6B2}.Debug|iPhone.ActiveCfg = Debug|iPhone
		{A6BD528D-E14D-473A-AF28-3B876FA8D6B2}.Debug|iPhone.Build.0 = Debug|iPhone
		{A6BD528D-E14D-473A-AF28-3B876FA8D6B2}.Debug|iPhoneSimulator.ActiveCfg = Debug|iPhoneSimulator
		{A6BD528D-E14D-473A-AF28-3B876FA8D6B2}.Debug|iPhoneSimulator.Build.0 = Debug|iPhoneSimulator
		{A6BD528D-E14D-473A-AF28-3B876FA8D6B2}.Debug|x64.ActiveCfg = Debug|iPhone
		{A6BD528D-E14D-473A-AF28-3B876FA8D6B2}.Debug|x86.ActiveCfg = Debug|iPhone
		{A6BD528D-E14D-473A-AF28-3B876FA8D6B2}.Release|Any CPU.ActiveCfg = Release|iPhone
		{A6BD528D-E14D-473A-AF28-3B876FA8D6B2}.Release|ARM.ActiveCfg = Release|iPhone
		{A6BD528D-E14D-473A-AF28-3B876FA8D6B2}.Release|iPhone.ActiveCfg = Release|iPhone
		{A6BD528D-E14D-473A-AF28-3B876FA8D6B2}.Release|iPhone.Build.0 = Release|iPhone
		{A6BD528D-E14D-473A-AF28-3B876FA8D6B2}.Release|iPhoneSimulator.ActiveCfg = Release|iPhoneSimulator
		{A6BD528D-E14D-473A-AF28-3B876FA8D6B2}.Release|iPhoneSimulator.Build.0 = Release|iPhoneSimulator
		{A6BD528D-E14D-473A-AF28-3B876FA8D6B2}.Release|x64.ActiveCfg = Release|iPhone
		{A6BD528D-E14D-473A-AF28-3B876FA8D6B2}.Release|x86.ActiveCfg = Release|iPhone
		{92242342-9017-45AD-9DE7-558742E503F9}.Debug|Any CPU.ActiveCfg = Debug|Any CPU
		{92242342-9017-45AD-9DE7-558742E503F9}.Debug|Any CPU.Build.0 = Debug|Any CPU
		{92242342-9017-45AD-9DE7-558742E503F9}.Debug|ARM.ActiveCfg = Debug|Any CPU
		{92242342-9017-45AD-9DE7-558742E503F9}.Debug|ARM.Build.0 = Debug|Any CPU
		{92242342-9017-45AD-9DE7-558742E503F9}.Debug|iPhone.ActiveCfg = Debug|Any CPU
		{92242342-9017-45AD-9DE7-558742E503F9}.Debug|iPhone.Build.0 = Debug|Any CPU
		{92242342-9017-45AD-9DE7-558742E503F9}.Debug|iPhoneSimulator.ActiveCfg = Debug|Any CPU
		{92242342-9017-45AD-9DE7-558742E503F9}.Debug|iPhoneSimulator.Build.0 = Debug|Any CPU
		{92242342-9017-45AD-9DE7-558742E503F9}.Debug|x64.ActiveCfg = Debug|Any CPU
		{92242342-9017-45AD-9DE7-558742E503F9}.Debug|x64.Build.0 = Debug|Any CPU
		{92242342-9017-45AD-9DE7-558742E503F9}.Debug|x86.ActiveCfg = Debug|Any CPU
		{92242342-9017-45AD-9DE7-558742E503F9}.Debug|x86.Build.0 = Debug|Any CPU
		{92242342-9017-45AD-9DE7-558742E503F9}.Release|Any CPU.ActiveCfg = Release|Any CPU
		{92242342-9017-45AD-9DE7-558742E503F9}.Release|Any CPU.Build.0 = Release|Any CPU
		{92242342-9017-45AD-9DE7-558742E503F9}.Release|ARM.ActiveCfg = Release|Any CPU
		{92242342-9017-45AD-9DE7-558742E503F9}.Release|ARM.Build.0 = Release|Any CPU
		{92242342-9017-45AD-9DE7-558742E503F9}.Release|iPhone.ActiveCfg = Release|Any CPU
		{92242342-9017-45AD-9DE7-558742E503F9}.Release|iPhone.Build.0 = Release|Any CPU
		{92242342-9017-45AD-9DE7-558742E503F9}.Release|iPhoneSimulator.ActiveCfg = Release|Any CPU
		{92242342-9017-45AD-9DE7-558742E503F9}.Release|iPhoneSimulator.Build.0 = Release|Any CPU
		{92242342-9017-45AD-9DE7-558742E503F9}.Release|x64.ActiveCfg = Release|Any CPU
		{92242342-9017-45AD-9DE7-558742E503F9}.Release|x64.Build.0 = Release|Any CPU
		{92242342-9017-45AD-9DE7-558742E503F9}.Release|x86.ActiveCfg = Release|Any CPU
		{92242342-9017-45AD-9DE7-558742E503F9}.Release|x86.Build.0 = Release|Any CPU
	EndGlobalSection
	GlobalSection(SolutionProperties) = preSolution
		HideSolutionNode = FALSE
	EndGlobalSection
	GlobalSection(ExtensibilityGlobals) = postSolution
		SolutionGuid = {0B1441C9-4C91-4B05-A60E-427C4D46FC88}
	EndGlobalSection
EndGlobal
