
Microsoft Visual Studio Solution File, Format Version 12.00
# Visual Studio Version 16
VisualStudioVersion = 16.0.29709.97
MinimumVisualStudioVersion = 10.0.40219.1
Project("{9A19103F-16F7-4668-BE54-9A1E7A4F7556}") = "Lyra.WebAPI", "Lyra.WebAPI\Lyra.WebAPI.csproj", "{5EF6C7E2-0EF2-44A0-B568-3E39BBA3BB85}"
EndProject
Project("{9A19103F-16F7-4668-BE54-9A1E7A4F7556}") = "Lyra.Model", "Lyra.Model\Lyra.Model.csproj", "{066EC084-A9D7-4CE6-AC56-3169528D2611}"
EndProject
Project("{FAE04EC0-301F-11D3-BF4B-00C04F79EFBC}") = "Lyra.WinUI", "Lyra.WinUI\Lyra.WinUI.csproj", "{61C4175E-4EEA-441C-AE22-96C1249D3700}"
EndProject
Project("{FAE04EC0-301F-11D3-BF4B-00C04F79EFBC}") = "Lyra.WebAPI.Test", "Lyra.WebAPI.Test\Lyra.WebAPI.Test.csproj", "{C1F98ECF-CF58-4EC6-A626-B668C511E428}"
EndProject
Global
	GlobalSection(SolutionConfigurationPlatforms) = preSolution
		Debug|Any CPU = Debug|Any CPU
		Release|Any CPU = Release|Any CPU
	EndGlobalSection
	GlobalSection(ProjectConfigurationPlatforms) = postSolution
		{5EF6C7E2-0EF2-44A0-B568-3E39BBA3BB85}.Debug|Any CPU.ActiveCfg = Debug|Any CPU
		{5EF6C7E2-0EF2-44A0-B568-3E39BBA3BB85}.Debug|Any CPU.Build.0 = Debug|Any CPU
		{5EF6C7E2-0EF2-44A0-B568-3E39BBA3BB85}.Release|Any CPU.ActiveCfg = Release|Any CPU
		{5EF6C7E2-0EF2-44A0-B568-3E39BBA3BB85}.Release|Any CPU.Build.0 = Release|Any CPU
		{066EC084-A9D7-4CE6-AC56-3169528D2611}.Debug|Any CPU.ActiveCfg = Debug|Any CPU
		{066EC084-A9D7-4CE6-AC56-3169528D2611}.Debug|Any CPU.Build.0 = Debug|Any CPU
		{066EC084-A9D7-4CE6-AC56-3169528D2611}.Release|Any CPU.ActiveCfg = Release|Any CPU
		{066EC084-A9D7-4CE6-AC56-3169528D2611}.Release|Any CPU.Build.0 = Release|Any CPU
		{61C4175E-4EEA-441C-AE22-96C1249D3700}.Debug|Any CPU.ActiveCfg = Debug|Any CPU
		{61C4175E-4EEA-441C-AE22-96C1249D3700}.Debug|Any CPU.Build.0 = Debug|Any CPU
		{61C4175E-4EEA-441C-AE22-96C1249D3700}.Release|Any CPU.ActiveCfg = Release|Any CPU
		{61C4175E-4EEA-441C-AE22-96C1249D3700}.Release|Any CPU.Build.0 = Release|Any CPU
		{C1F98ECF-CF58-4EC6-A626-B668C511E428}.Debug|Any CPU.ActiveCfg = Debug|Any CPU
		{C1F98ECF-CF58-4EC6-A626-B668C511E428}.Debug|Any CPU.Build.0 = Debug|Any CPU
		{C1F98ECF-CF58-4EC6-A626-B668C511E428}.Release|Any CPU.ActiveCfg = Release|Any CPU
		{C1F98ECF-CF58-4EC6-A626-B668C511E428}.Release|Any CPU.Build.0 = Release|Any CPU
	EndGlobalSection
	GlobalSection(SolutionProperties) = preSolution
		HideSolutionNode = FALSE
	EndGlobalSection
	GlobalSection(ExtensibilityGlobals) = postSolution
		SolutionGuid = {0B1441C9-4C91-4B05-A60E-427C4D46FC88}
	EndGlobalSection
EndGlobal
